// !$*UTF8*$!
{
	archiveVersion = 1;
	classes = {
	};
	objectVersion = 56;
	objects = {

/* Begin PBXBuildFile section */
		84308FE42AF1821700811B50 /* CustomColor.swift in Sources */ = {isa = PBXBuildFile; fileRef = 84308FE32AF1821700811B50 /* CustomColor.swift */; };
		84308FE62AF189D100811B50 /* CustomCard.swift in Sources */ = {isa = PBXBuildFile; fileRef = 84308FE52AF189D100811B50 /* CustomCard.swift */; };
		84308FE82AF1934700811B50 /* PetProfileCard.swift in Sources */ = {isa = PBXBuildFile; fileRef = 84308FE72AF1934700811B50 /* PetProfileCard.swift */; };
		84308FEA2AF1CC0A00811B50 /* QuantitySelector.swift in Sources */ = {isa = PBXBuildFile; fileRef = 84308FE92AF1CC0A00811B50 /* QuantitySelector.swift */; };
		84308FEC2AF1D1A600811B50 /* DropDownPicker.swift in Sources */ = {isa = PBXBuildFile; fileRef = 84308FEB2AF1D1A600811B50 /* DropDownPicker.swift */; };
		84308FEE2AF1FCBA00811B50 /* CustomHorizontalPicker.swift in Sources */ = {isa = PBXBuildFile; fileRef = 84308FED2AF1FCBA00811B50 /* CustomHorizontalPicker.swift */; };
		84308FF02AF41C8E00811B50 /* MedicalRecordViewModel.swift in Sources */ = {isa = PBXBuildFile; fileRef = 84308FEF2AF41C8E00811B50 /* MedicalRecordViewModel.swift */; };
		84308FF22AF44C4200811B50 /* Veterinarian.swift in Sources */ = {isa = PBXBuildFile; fileRef = 84308FF12AF44C4200811B50 /* Veterinarian.swift */; };
		84308FF42AF44C5100811B50 /* Pet.swift in Sources */ = {isa = PBXBuildFile; fileRef = 84308FF32AF44C5100811B50 /* Pet.swift */; };
		84308FF62AF44C6600811B50 /* Appointment.swift in Sources */ = {isa = PBXBuildFile; fileRef = 84308FF52AF44C6600811B50 /* Appointment.swift */; };
		84308FFB2AF4B9CC00811B50 /* MedicalRecordExportView.swift in Sources */ = {isa = PBXBuildFile; fileRef = 84308FFA2AF4B9CC00811B50 /* MedicalRecordExportView.swift */; };
		84308FFD2AF4BF6700811B50 /* Header.swift in Sources */ = {isa = PBXBuildFile; fileRef = 84308FFC2AF4BF6700811B50 /* Header.swift */; };
		843090012AF5D7D500811B50 /* TesteView.swift in Sources */ = {isa = PBXBuildFile; fileRef = 843090002AF5D7D500811B50 /* TesteView.swift */; };
		843D07682AF1723D000FEA48 /* Especie.swift in Sources */ = {isa = PBXBuildFile; fileRef = 843D07672AF1723D000FEA48 /* Especie.swift */; };
		843D076A2AF173E2000FEA48 /* CondicaoCorporal.swift in Sources */ = {isa = PBXBuildFile; fileRef = 843D07692AF173E2000FEA48 /* CondicaoCorporal.swift */; };
		843D076C2AF17512000FEA48 /* RegisterType.swift in Sources */ = {isa = PBXBuildFile; fileRef = 843D076B2AF17512000FEA48 /* RegisterType.swift */; };
		843D076E2AF17677000FEA48 /* MedicalRecordView.swift in Sources */ = {isa = PBXBuildFile; fileRef = 843D076D2AF17677000FEA48 /* MedicalRecordView.swift */; };
		843D07702AF17773000FEA48 /* CenteredHeader.swift in Sources */ = {isa = PBXBuildFile; fileRef = 843D076F2AF17773000FEA48 /* CenteredHeader.swift */; };
		8443A6F02AEF1EE200E5ECA5 /* Mini3App.swift in Sources */ = {isa = PBXBuildFile; fileRef = 8443A6EF2AEF1EE200E5ECA5 /* Mini3App.swift */; };
		8443A6F22AEF1EE200E5ECA5 /* ContentView.swift in Sources */ = {isa = PBXBuildFile; fileRef = 8443A6F12AEF1EE200E5ECA5 /* ContentView.swift */; };
		8443A6F42AEF1EE200E5ECA5 /* Assets.xcassets in Resources */ = {isa = PBXBuildFile; fileRef = 8443A6F32AEF1EE200E5ECA5 /* Assets.xcassets */; };
		8443A6F72AEF1EE200E5ECA5 /* Preview Assets.xcassets in Resources */ = {isa = PBXBuildFile; fileRef = 8443A6F62AEF1EE200E5ECA5 /* Preview Assets.xcassets */; };
		846DAD482AEF2BEE00BB66FF /* CloudKitService.swift in Sources */ = {isa = PBXBuildFile; fileRef = 846DAD472AEF2BEE00BB66FF /* CloudKitService.swift */; };
		846DAD4A2AEF2D1400BB66FF /* CustomButton.swift in Sources */ = {isa = PBXBuildFile; fileRef = 846DAD492AEF2D1400BB66FF /* CustomButton.swift */; };
		846DAD4C2AEF2D3500BB66FF /* CustomTextField.swift in Sources */ = {isa = PBXBuildFile; fileRef = 846DAD4B2AEF2D3500BB66FF /* CustomTextField.swift */; };
		846DAD4E2AEF2E3C00BB66FF /* CustomColorPicker.swift in Sources */ = {isa = PBXBuildFile; fileRef = 846DAD4D2AEF2E3C00BB66FF /* CustomColorPicker.swift */; };
		846DAD502AEF306A00BB66FF /* PDFReader.swift in Sources */ = {isa = PBXBuildFile; fileRef = 846DAD4F2AEF306A00BB66FF /* PDFReader.swift */; };
		846DAD522AEF349900BB66FF /* NotePad.swift in Sources */ = {isa = PBXBuildFile; fileRef = 846DAD512AEF349900BB66FF /* NotePad.swift */; };
		846DAD552AEF381500BB66FF /* DrawingTool.swift in Sources */ = {isa = PBXBuildFile; fileRef = 846DAD542AEF381500BB66FF /* DrawingTool.swift */; };
		846DAD572AEF38F500BB66FF /* DrawingToolBar.swift in Sources */ = {isa = PBXBuildFile; fileRef = 846DAD562AEF38F500BB66FF /* DrawingToolBar.swift */; };
		846DAD592AEF4AF500BB66FF /* UndoRedoToolbar.swift in Sources */ = {isa = PBXBuildFile; fileRef = 846DAD582AEF4AF500BB66FF /* UndoRedoToolbar.swift */; };
		846DAD5B2AEF4E6700BB66FF /* NotePadViewModel.swift in Sources */ = {isa = PBXBuildFile; fileRef = 846DAD5A2AEF4E6700BB66FF /* NotePadViewModel.swift */; };
		84C16D592AF9964F004D4CF8 /* CustomLabels.swift in Sources */ = {isa = PBXBuildFile; fileRef = 84C16D582AF9964F004D4CF8 /* CustomLabels.swift */; };
/* End PBXBuildFile section */

/* Begin PBXFileReference section */
		84308FE32AF1821700811B50 /* CustomColor.swift */ = {isa = PBXFileReference; lastKnownFileType = sourcecode.swift; path = CustomColor.swift; sourceTree = "<group>"; };
		84308FE52AF189D100811B50 /* CustomCard.swift */ = {isa = PBXFileReference; lastKnownFileType = sourcecode.swift; path = CustomCard.swift; sourceTree = "<group>"; };
		84308FE72AF1934700811B50 /* PetProfileCard.swift */ = {isa = PBXFileReference; lastKnownFileType = sourcecode.swift; path = PetProfileCard.swift; sourceTree = "<group>"; };
		84308FE92AF1CC0A00811B50 /* QuantitySelector.swift */ = {isa = PBXFileReference; lastKnownFileType = sourcecode.swift; path = QuantitySelector.swift; sourceTree = "<group>"; };
		84308FEB2AF1D1A600811B50 /* DropDownPicker.swift */ = {isa = PBXFileReference; lastKnownFileType = sourcecode.swift; path = DropDownPicker.swift; sourceTree = "<group>"; };
		84308FED2AF1FCBA00811B50 /* CustomHorizontalPicker.swift */ = {isa = PBXFileReference; lastKnownFileType = sourcecode.swift; path = CustomHorizontalPicker.swift; sourceTree = "<group>"; };
		84308FEF2AF41C8E00811B50 /* MedicalRecordViewModel.swift */ = {isa = PBXFileReference; lastKnownFileType = sourcecode.swift; path = MedicalRecordViewModel.swift; sourceTree = "<group>"; };
		84308FF12AF44C4200811B50 /* Veterinarian.swift */ = {isa = PBXFileReference; lastKnownFileType = sourcecode.swift; path = Veterinarian.swift; sourceTree = "<group>"; };
		84308FF32AF44C5100811B50 /* Pet.swift */ = {isa = PBXFileReference; lastKnownFileType = sourcecode.swift; path = Pet.swift; sourceTree = "<group>"; };
		84308FF52AF44C6600811B50 /* Appointment.swift */ = {isa = PBXFileReference; lastKnownFileType = sourcecode.swift; path = Appointment.swift; sourceTree = "<group>"; };
		84308FFA2AF4B9CC00811B50 /* MedicalRecordExportView.swift */ = {isa = PBXFileReference; lastKnownFileType = sourcecode.swift; path = MedicalRecordExportView.swift; sourceTree = "<group>"; };
		84308FFC2AF4BF6700811B50 /* Header.swift */ = {isa = PBXFileReference; lastKnownFileType = sourcecode.swift; path = Header.swift; sourceTree = "<group>"; };
		843090002AF5D7D500811B50 /* TesteView.swift */ = {isa = PBXFileReference; lastKnownFileType = sourcecode.swift; path = TesteView.swift; sourceTree = "<group>"; };
		843D07672AF1723D000FEA48 /* Especie.swift */ = {isa = PBXFileReference; lastKnownFileType = sourcecode.swift; path = Especie.swift; sourceTree = "<group>"; };
		843D07692AF173E2000FEA48 /* CondicaoCorporal.swift */ = {isa = PBXFileReference; lastKnownFileType = sourcecode.swift; path = CondicaoCorporal.swift; sourceTree = "<group>"; };
		843D076B2AF17512000FEA48 /* RegisterType.swift */ = {isa = PBXFileReference; lastKnownFileType = sourcecode.swift; path = RegisterType.swift; sourceTree = "<group>"; };
		843D076D2AF17677000FEA48 /* MedicalRecordView.swift */ = {isa = PBXFileReference; lastKnownFileType = sourcecode.swift; path = MedicalRecordView.swift; sourceTree = "<group>"; };
		843D076F2AF17773000FEA48 /* CenteredHeader.swift */ = {isa = PBXFileReference; lastKnownFileType = sourcecode.swift; path = CenteredHeader.swift; sourceTree = "<group>"; };
		8443A6EC2AEF1EE200E5ECA5 /* Mini3.app */ = {isa = PBXFileReference; explicitFileType = wrapper.application; includeInIndex = 0; path = Mini3.app; sourceTree = BUILT_PRODUCTS_DIR; };
		8443A6EF2AEF1EE200E5ECA5 /* Mini3App.swift */ = {isa = PBXFileReference; lastKnownFileType = sourcecode.swift; path = Mini3App.swift; sourceTree = "<group>"; };
		8443A6F12AEF1EE200E5ECA5 /* ContentView.swift */ = {isa = PBXFileReference; lastKnownFileType = sourcecode.swift; path = ContentView.swift; sourceTree = "<group>"; };
		8443A6F32AEF1EE200E5ECA5 /* Assets.xcassets */ = {isa = PBXFileReference; lastKnownFileType = folder.assetcatalog; path = Assets.xcassets; sourceTree = "<group>"; };
		8443A6F62AEF1EE200E5ECA5 /* Preview Assets.xcassets */ = {isa = PBXFileReference; lastKnownFileType = folder.assetcatalog; path = "Preview Assets.xcassets"; sourceTree = "<group>"; };
		846DAD472AEF2BEE00BB66FF /* CloudKitService.swift */ = {isa = PBXFileReference; lastKnownFileType = sourcecode.swift; path = CloudKitService.swift; sourceTree = "<group>"; };
		846DAD492AEF2D1400BB66FF /* CustomButton.swift */ = {isa = PBXFileReference; lastKnownFileType = sourcecode.swift; path = CustomButton.swift; sourceTree = "<group>"; };
		846DAD4B2AEF2D3500BB66FF /* CustomTextField.swift */ = {isa = PBXFileReference; lastKnownFileType = sourcecode.swift; path = CustomTextField.swift; sourceTree = "<group>"; };
		846DAD4D2AEF2E3C00BB66FF /* CustomColorPicker.swift */ = {isa = PBXFileReference; lastKnownFileType = sourcecode.swift; path = CustomColorPicker.swift; sourceTree = "<group>"; };
		846DAD4F2AEF306A00BB66FF /* PDFReader.swift */ = {isa = PBXFileReference; lastKnownFileType = sourcecode.swift; path = PDFReader.swift; sourceTree = "<group>"; };
		846DAD512AEF349900BB66FF /* NotePad.swift */ = {isa = PBXFileReference; lastKnownFileType = sourcecode.swift; path = NotePad.swift; sourceTree = "<group>"; };
		846DAD542AEF381500BB66FF /* DrawingTool.swift */ = {isa = PBXFileReference; lastKnownFileType = sourcecode.swift; path = DrawingTool.swift; sourceTree = "<group>"; };
		846DAD562AEF38F500BB66FF /* DrawingToolBar.swift */ = {isa = PBXFileReference; lastKnownFileType = sourcecode.swift; path = DrawingToolBar.swift; sourceTree = "<group>"; };
		846DAD582AEF4AF500BB66FF /* UndoRedoToolbar.swift */ = {isa = PBXFileReference; lastKnownFileType = sourcecode.swift; path = UndoRedoToolbar.swift; sourceTree = "<group>"; };
		846DAD5A2AEF4E6700BB66FF /* NotePadViewModel.swift */ = {isa = PBXFileReference; lastKnownFileType = sourcecode.swift; path = NotePadViewModel.swift; sourceTree = "<group>"; };
		84C16D582AF9964F004D4CF8 /* CustomLabels.swift */ = {isa = PBXFileReference; lastKnownFileType = sourcecode.swift; path = CustomLabels.swift; sourceTree = "<group>"; };
/* End PBXFileReference section */

/* Begin PBXFrameworksBuildPhase section */
		8443A6E92AEF1EE200E5ECA5 /* Frameworks */ = {
			isa = PBXFrameworksBuildPhase;
			buildActionMask = 2147483647;
			files = (
			);
			runOnlyForDeploymentPostprocessing = 0;
		};
/* End PBXFrameworksBuildPhase section */

/* Begin PBXGroup section */
		84308FF92AF4A77E00811B50 /* Extension */ = {
			isa = PBXGroup;
			children = (
			);
			path = Extension;
			sourceTree = "<group>";
		};
		8443A6E32AEF1EE200E5ECA5 = {
			isa = PBXGroup;
			children = (
				8443A6EE2AEF1EE200E5ECA5 /* Mini3 */,
				8443A6ED2AEF1EE200E5ECA5 /* Products */,
			);
			sourceTree = "<group>";
		};
		8443A6ED2AEF1EE200E5ECA5 /* Products */ = {
			isa = PBXGroup;
			children = (
				8443A6EC2AEF1EE200E5ECA5 /* Mini3.app */,
			);
			name = Products;
			sourceTree = "<group>";
		};
		8443A6EE2AEF1EE200E5ECA5 /* Mini3 */ = {
			isa = PBXGroup;
			children = (
				84308FF92AF4A77E00811B50 /* Extension */,
				846DAD532AEF380300BB66FF /* Enum */,
				846DAD462AEF2B6700BB66FF /* View */,
				846DAD452AEF2B5E00BB66FF /* ViewModel */,
				846DAD442AEF2B5800BB66FF /* Model */,
				846DAD432AEF2B5100BB66FF /* Component */,
				846DAD422AEF2B0500BB66FF /* Service */,
				8443A6EF2AEF1EE200E5ECA5 /* Mini3App.swift */,
				8443A6F12AEF1EE200E5ECA5 /* ContentView.swift */,
				8443A6F32AEF1EE200E5ECA5 /* Assets.xcassets */,
				8443A6F52AEF1EE200E5ECA5 /* Preview Content */,
			);
			path = Mini3;
			sourceTree = "<group>";
		};
		8443A6F52AEF1EE200E5ECA5 /* Preview Content */ = {
			isa = PBXGroup;
			children = (
				8443A6F62AEF1EE200E5ECA5 /* Preview Assets.xcassets */,
			);
			path = "Preview Content";
			sourceTree = "<group>";
		};
		846DAD422AEF2B0500BB66FF /* Service */ = {
			isa = PBXGroup;
			children = (
				846DAD472AEF2BEE00BB66FF /* CloudKitService.swift */,
			);
			path = Service;
			sourceTree = "<group>";
		};
		846DAD432AEF2B5100BB66FF /* Component */ = {
			isa = PBXGroup;
			children = (
				846DAD492AEF2D1400BB66FF /* CustomButton.swift */,
				846DAD4B2AEF2D3500BB66FF /* CustomTextField.swift */,
				846DAD4D2AEF2E3C00BB66FF /* CustomColorPicker.swift */,
				846DAD4F2AEF306A00BB66FF /* PDFReader.swift */,
				846DAD512AEF349900BB66FF /* NotePad.swift */,
				846DAD562AEF38F500BB66FF /* DrawingToolBar.swift */,
				846DAD582AEF4AF500BB66FF /* UndoRedoToolbar.swift */,
				843D076F2AF17773000FEA48 /* CenteredHeader.swift */,
				84308FE52AF189D100811B50 /* CustomCard.swift */,
				84308FE72AF1934700811B50 /* PetProfileCard.swift */,
				84308FE92AF1CC0A00811B50 /* QuantitySelector.swift */,
				84308FEB2AF1D1A600811B50 /* DropDownPicker.swift */,
				84308FED2AF1FCBA00811B50 /* CustomHorizontalPicker.swift */,
				84308FFC2AF4BF6700811B50 /* Header.swift */,
			);
			path = Component;
			sourceTree = "<group>";
		};
		846DAD442AEF2B5800BB66FF /* Model */ = {
			isa = PBXGroup;
			children = (
				84308FF12AF44C4200811B50 /* Veterinarian.swift */,
				84308FF32AF44C5100811B50 /* Pet.swift */,
				84308FF52AF44C6600811B50 /* Appointment.swift */,
			);
			path = Model;
			sourceTree = "<group>";
		};
		846DAD452AEF2B5E00BB66FF /* ViewModel */ = {
			isa = PBXGroup;
			children = (
				846DAD5A2AEF4E6700BB66FF /* NotePadViewModel.swift */,
				84308FEF2AF41C8E00811B50 /* MedicalRecordViewModel.swift */,
			);
			path = ViewModel;
			sourceTree = "<group>";
		};
		846DAD462AEF2B6700BB66FF /* View */ = {
			isa = PBXGroup;
			children = (
				843D076D2AF17677000FEA48 /* MedicalRecordView.swift */,
				84308FFA2AF4B9CC00811B50 /* MedicalRecordExportView.swift */,
				843090002AF5D7D500811B50 /* TesteView.swift */,
			);
			path = View;
			sourceTree = "<group>";
		};
		846DAD532AEF380300BB66FF /* Enum */ = {
			isa = PBXGroup;
			children = (
				846DAD542AEF381500BB66FF /* DrawingTool.swift */,
				843D07672AF1723D000FEA48 /* Especie.swift */,
				843D07692AF173E2000FEA48 /* CondicaoCorporal.swift */,
				843D076B2AF17512000FEA48 /* RegisterType.swift */,
				84308FE32AF1821700811B50 /* CustomColor.swift */,
				84C16D582AF9964F004D4CF8 /* CustomLabels.swift */,
			);
			path = Enum;
			sourceTree = "<group>";
		};
/* End PBXGroup section */

/* Begin PBXNativeTarget section */
		8443A6EB2AEF1EE200E5ECA5 /* Mini3 */ = {
			isa = PBXNativeTarget;
			buildConfigurationList = 8443A6FA2AEF1EE200E5ECA5 /* Build configuration list for PBXNativeTarget "Mini3" */;
			buildPhases = (
				8443A6E82AEF1EE200E5ECA5 /* Sources */,
				8443A6E92AEF1EE200E5ECA5 /* Frameworks */,
				8443A6EA2AEF1EE200E5ECA5 /* Resources */,
			);
			buildRules = (
			);
			dependencies = (
			);
			name = Mini3;
			productName = Mini3;
			productReference = 8443A6EC2AEF1EE200E5ECA5 /* Mini3.app */;
			productType = "com.apple.product-type.application";
		};
/* End PBXNativeTarget section */

/* Begin PBXProject section */
		8443A6E42AEF1EE200E5ECA5 /* Project object */ = {
			isa = PBXProject;
			attributes = {
				BuildIndependentTargetsInParallel = 1;
				LastSwiftUpdateCheck = 1500;
				LastUpgradeCheck = 1500;
				TargetAttributes = {
					8443A6EB2AEF1EE200E5ECA5 = {
						CreatedOnToolsVersion = 15.0;
					};
				};
			};
			buildConfigurationList = 8443A6E72AEF1EE200E5ECA5 /* Build configuration list for PBXProject "Mini3" */;
			compatibilityVersion = "Xcode 14.0";
			developmentRegion = en;
			hasScannedForEncodings = 0;
			knownRegions = (
				en,
				Base,
			);
			mainGroup = 8443A6E32AEF1EE200E5ECA5;
			productRefGroup = 8443A6ED2AEF1EE200E5ECA5 /* Products */;
			projectDirPath = "";
			projectRoot = "";
			targets = (
				8443A6EB2AEF1EE200E5ECA5 /* Mini3 */,
			);
		};
/* End PBXProject section */

/* Begin PBXResourcesBuildPhase section */
		8443A6EA2AEF1EE200E5ECA5 /* Resources */ = {
			isa = PBXResourcesBuildPhase;
			buildActionMask = 2147483647;
			files = (
				8443A6F72AEF1EE200E5ECA5 /* Preview Assets.xcassets in Resources */,
				8443A6F42AEF1EE200E5ECA5 /* Assets.xcassets in Resources */,
			);
			runOnlyForDeploymentPostprocessing = 0;
		};
/* End PBXResourcesBuildPhase section */

/* Begin PBXSourcesBuildPhase section */
		8443A6E82AEF1EE200E5ECA5 /* Sources */ = {
			isa = PBXSourcesBuildPhase;
			buildActionMask = 2147483647;
			files = (
				843D076C2AF17512000FEA48 /* RegisterType.swift in Sources */,
				84308FEA2AF1CC0A00811B50 /* QuantitySelector.swift in Sources */,
				84C16D592AF9964F004D4CF8 /* CustomLabels.swift in Sources */,
				846DAD4A2AEF2D1400BB66FF /* CustomButton.swift in Sources */,
				846DAD482AEF2BEE00BB66FF /* CloudKitService.swift in Sources */,
				84308FF02AF41C8E00811B50 /* MedicalRecordViewModel.swift in Sources */,
				843D076A2AF173E2000FEA48 /* CondicaoCorporal.swift in Sources */,
				846DAD502AEF306A00BB66FF /* PDFReader.swift in Sources */,
				84308FE62AF189D100811B50 /* CustomCard.swift in Sources */,
				84308FF62AF44C6600811B50 /* Appointment.swift in Sources */,
				84308FEE2AF1FCBA00811B50 /* CustomHorizontalPicker.swift in Sources */,
				846DAD552AEF381500BB66FF /* DrawingTool.swift in Sources */,
				846DAD592AEF4AF500BB66FF /* UndoRedoToolbar.swift in Sources */,
				84308FE42AF1821700811B50 /* CustomColor.swift in Sources */,
				843D07682AF1723D000FEA48 /* Especie.swift in Sources */,
				846DAD522AEF349900BB66FF /* NotePad.swift in Sources */,
				84308FFD2AF4BF6700811B50 /* Header.swift in Sources */,
				84308FEC2AF1D1A600811B50 /* DropDownPicker.swift in Sources */,
				846DAD4E2AEF2E3C00BB66FF /* CustomColorPicker.swift in Sources */,
				84308FFB2AF4B9CC00811B50 /* MedicalRecordExportView.swift in Sources */,
				846DAD572AEF38F500BB66FF /* DrawingToolBar.swift in Sources */,
				846DAD5B2AEF4E6700BB66FF /* NotePadViewModel.swift in Sources */,
				843D07702AF17773000FEA48 /* CenteredHeader.swift in Sources */,
				84308FE82AF1934700811B50 /* PetProfileCard.swift in Sources */,
				84308FF42AF44C5100811B50 /* Pet.swift in Sources */,
				843D076E2AF17677000FEA48 /* MedicalRecordView.swift in Sources */,
				8443A6F22AEF1EE200E5ECA5 /* ContentView.swift in Sources */,
				8443A6F02AEF1EE200E5ECA5 /* Mini3App.swift in Sources */,
				843090012AF5D7D500811B50 /* TesteView.swift in Sources */,
				84308FF22AF44C4200811B50 /* Veterinarian.swift in Sources */,
				846DAD4C2AEF2D3500BB66FF /* CustomTextField.swift in Sources */,
			);
			runOnlyForDeploymentPostprocessing = 0;
		};
/* End PBXSourcesBuildPhase section */

/* Begin XCBuildConfiguration section */
		8443A6F82AEF1EE200E5ECA5 /* Debug */ = {
			isa = XCBuildConfiguration;
			buildSettings = {
				ALWAYS_SEARCH_USER_PATHS = NO;
				ASSETCATALOG_COMPILER_GENERATE_SWIFT_ASSET_SYMBOL_EXTENSIONS = YES;
				CLANG_ANALYZER_NONNULL = YES;
				CLANG_ANALYZER_NUMBER_OBJECT_CONVERSION = YES_AGGRESSIVE;
				CLANG_CXX_LANGUAGE_STANDARD = "gnu++20";
				CLANG_ENABLE_MODULES = YES;
				CLANG_ENABLE_OBJC_ARC = YES;
				CLANG_ENABLE_OBJC_WEAK = YES;
				CLANG_WARN_BLOCK_CAPTURE_AUTORELEASING = YES;
				CLANG_WARN_BOOL_CONVERSION = YES;
				CLANG_WARN_COMMA = YES;
				CLANG_WARN_CONSTANT_CONVERSION = YES;
				CLANG_WARN_DEPRECATED_OBJC_IMPLEMENTATIONS = YES;
				CLANG_WARN_DIRECT_OBJC_ISA_USAGE = YES_ERROR;
				CLANG_WARN_DOCUMENTATION_COMMENTS = YES;
				CLANG_WARN_EMPTY_BODY = YES;
				CLANG_WARN_ENUM_CONVERSION = YES;
				CLANG_WARN_INFINITE_RECURSION = YES;
				CLANG_WARN_INT_CONVERSION = YES;
				CLANG_WARN_NON_LITERAL_NULL_CONVERSION = YES;
				CLANG_WARN_OBJC_IMPLICIT_RETAIN_SELF = YES;
				CLANG_WARN_OBJC_LITERAL_CONVERSION = YES;
				CLANG_WARN_OBJC_ROOT_CLASS = YES_ERROR;
				CLANG_WARN_QUOTED_INCLUDE_IN_FRAMEWORK_HEADER = YES;
				CLANG_WARN_RANGE_LOOP_ANALYSIS = YES;
				CLANG_WARN_STRICT_PROTOTYPES = YES;
				CLANG_WARN_SUSPICIOUS_MOVE = YES;
				CLANG_WARN_UNGUARDED_AVAILABILITY = YES_AGGRESSIVE;
				CLANG_WARN_UNREACHABLE_CODE = YES;
				CLANG_WARN__DUPLICATE_METHOD_MATCH = YES;
				COPY_PHASE_STRIP = NO;
				DEBUG_INFORMATION_FORMAT = dwarf;
				ENABLE_STRICT_OBJC_MSGSEND = YES;
				ENABLE_TESTABILITY = YES;
				ENABLE_USER_SCRIPT_SANDBOXING = YES;
				GCC_C_LANGUAGE_STANDARD = gnu17;
				GCC_DYNAMIC_NO_PIC = NO;
				GCC_NO_COMMON_BLOCKS = YES;
				GCC_OPTIMIZATION_LEVEL = 0;
				GCC_PREPROCESSOR_DEFINITIONS = (
					"DEBUG=1",
					"$(inherited)",
				);
				GCC_WARN_64_TO_32_BIT_CONVERSION = YES;
				GCC_WARN_ABOUT_RETURN_TYPE = YES_ERROR;
				GCC_WARN_UNDECLARED_SELECTOR = YES;
				GCC_WARN_UNINITIALIZED_AUTOS = YES_AGGRESSIVE;
				GCC_WARN_UNUSED_FUNCTION = YES;
				GCC_WARN_UNUSED_VARIABLE = YES;
				IPHONEOS_DEPLOYMENT_TARGET = 17.0;
				LOCALIZATION_PREFERS_STRING_CATALOGS = YES;
				MTL_ENABLE_DEBUG_INFO = INCLUDE_SOURCE;
				MTL_FAST_MATH = YES;
				ONLY_ACTIVE_ARCH = YES;
				SDKROOT = iphoneos;
				SWIFT_ACTIVE_COMPILATION_CONDITIONS = "DEBUG $(inherited)";
				SWIFT_OPTIMIZATION_LEVEL = "-Onone";
			};
			name = Debug;
		};
		8443A6F92AEF1EE200E5ECA5 /* Release */ = {
			isa = XCBuildConfiguration;
			buildSettings = {
				ALWAYS_SEARCH_USER_PATHS = NO;
				ASSETCATALOG_COMPILER_GENERATE_SWIFT_ASSET_SYMBOL_EXTENSIONS = YES;
				CLANG_ANALYZER_NONNULL = YES;
				CLANG_ANALYZER_NUMBER_OBJECT_CONVERSION = YES_AGGRESSIVE;
				CLANG_CXX_LANGUAGE_STANDARD = "gnu++20";
				CLANG_ENABLE_MODULES = YES;
				CLANG_ENABLE_OBJC_ARC = YES;
				CLANG_ENABLE_OBJC_WEAK = YES;
				CLANG_WARN_BLOCK_CAPTURE_AUTORELEASING = YES;
				CLANG_WARN_BOOL_CONVERSION = YES;
				CLANG_WARN_COMMA = YES;
				CLANG_WARN_CONSTANT_CONVERSION = YES;
				CLANG_WARN_DEPRECATED_OBJC_IMPLEMENTATIONS = YES;
				CLANG_WARN_DIRECT_OBJC_ISA_USAGE = YES_ERROR;
				CLANG_WARN_DOCUMENTATION_COMMENTS = YES;
				CLANG_WARN_EMPTY_BODY = YES;
				CLANG_WARN_ENUM_CONVERSION = YES;
				CLANG_WARN_INFINITE_RECURSION = YES;
				CLANG_WARN_INT_CONVERSION = YES;
				CLANG_WARN_NON_LITERAL_NULL_CONVERSION = YES;
				CLANG_WARN_OBJC_IMPLICIT_RETAIN_SELF = YES;
				CLANG_WARN_OBJC_LITERAL_CONVERSION = YES;
				CLANG_WARN_OBJC_ROOT_CLASS = YES_ERROR;
				CLANG_WARN_QUOTED_INCLUDE_IN_FRAMEWORK_HEADER = YES;
				CLANG_WARN_RANGE_LOOP_ANALYSIS = YES;
				CLANG_WARN_STRICT_PROTOTYPES = YES;
				CLANG_WARN_SUSPICIOUS_MOVE = YES;
				CLANG_WARN_UNGUARDED_AVAILABILITY = YES_AGGRESSIVE;
				CLANG_WARN_UNREACHABLE_CODE = YES;
				CLANG_WARN__DUPLICATE_METHOD_MATCH = YES;
				COPY_PHASE_STRIP = NO;
				DEBUG_INFORMATION_FORMAT = "dwarf-with-dsym";
				ENABLE_NS_ASSERTIONS = NO;
				ENABLE_STRICT_OBJC_MSGSEND = YES;
				ENABLE_USER_SCRIPT_SANDBOXING = YES;
				GCC_C_LANGUAGE_STANDARD = gnu17;
				GCC_NO_COMMON_BLOCKS = YES;
				GCC_WARN_64_TO_32_BIT_CONVERSION = YES;
				GCC_WARN_ABOUT_RETURN_TYPE = YES_ERROR;
				GCC_WARN_UNDECLARED_SELECTOR = YES;
				GCC_WARN_UNINITIALIZED_AUTOS = YES_AGGRESSIVE;
				GCC_WARN_UNUSED_FUNCTION = YES;
				GCC_WARN_UNUSED_VARIABLE = YES;
				IPHONEOS_DEPLOYMENT_TARGET = 17.0;
				LOCALIZATION_PREFERS_STRING_CATALOGS = YES;
				MTL_ENABLE_DEBUG_INFO = NO;
				MTL_FAST_MATH = YES;
				SDKROOT = iphoneos;
				SWIFT_COMPILATION_MODE = wholemodule;
				VALIDATE_PRODUCT = YES;
			};
			name = Release;
		};
		8443A6FB2AEF1EE200E5ECA5 /* Debug */ = {
			isa = XCBuildConfiguration;
			buildSettings = {
				ASSETCATALOG_COMPILER_APPICON_NAME = AppIcon;
				ASSETCATALOG_COMPILER_GLOBAL_ACCENT_COLOR_NAME = AccentColor;
				CODE_SIGN_STYLE = Automatic;
				CURRENT_PROJECT_VERSION = 1;
				DEVELOPMENT_ASSET_PATHS = "\"Mini3/Preview Content\"";
				DEVELOPMENT_TEAM = J74996J2KY;
				ENABLE_PREVIEWS = YES;
				GENERATE_INFOPLIST_FILE = YES;
				INFOPLIST_KEY_NSPhotoLibraryUsageDescription = "We need access to your photo library to save your notes.";
				INFOPLIST_KEY_UIApplicationSceneManifest_Generation = YES;
				INFOPLIST_KEY_UIApplicationSupportsIndirectInputEvents = YES;
				INFOPLIST_KEY_UILaunchScreen_Generation = YES;
				INFOPLIST_KEY_UISupportedInterfaceOrientations_iPad = "UIInterfaceOrientationPortrait UIInterfaceOrientationPortraitUpsideDown UIInterfaceOrientationLandscapeLeft UIInterfaceOrientationLandscapeRight";
				INFOPLIST_KEY_UISupportedInterfaceOrientations_iPhone = "UIInterfaceOrientationPortrait UIInterfaceOrientationLandscapeLeft UIInterfaceOrientationLandscapeRight";
				LD_RUNPATH_SEARCH_PATHS = (
					"$(inherited)",
					"@executable_path/Frameworks",
				);
				MARKETING_VERSION = 1.0;
				PRODUCT_BUNDLE_IDENTIFIER = ADA.Mini3;
				PRODUCT_NAME = "$(TARGET_NAME)";
				SWIFT_EMIT_LOC_STRINGS = YES;
				SWIFT_VERSION = 5.0;
				TARGETED_DEVICE_FAMILY = "1,2";
			};
			name = Debug;
		};
		8443A6FC2AEF1EE200E5ECA5 /* Release */ = {
			isa = XCBuildConfiguration;
			buildSettings = {
				ASSETCATALOG_COMPILER_APPICON_NAME = AppIcon;
				ASSETCATALOG_COMPILER_GLOBAL_ACCENT_COLOR_NAME = AccentColor;
				CODE_SIGN_STYLE = Automatic;
				CURRENT_PROJECT_VERSION = 1;
				DEVELOPMENT_ASSET_PATHS = "\"Mini3/Preview Content\"";
				DEVELOPMENT_TEAM = J74996J2KY;
				ENABLE_PREVIEWS = YES;
				GENERATE_INFOPLIST_FILE = YES;
				INFOPLIST_KEY_NSPhotoLibraryUsageDescription = "We need access to your photo library to save your notes.";
				INFOPLIST_KEY_UIApplicationSceneManifest_Generation = YES;
				INFOPLIST_KEY_UIApplicationSupportsIndirectInputEvents = YES;
				INFOPLIST_KEY_UILaunchScreen_Generation = YES;
				INFOPLIST_KEY_UISupportedInterfaceOrientations_iPad = "UIInterfaceOrientationPortrait UIInterfaceOrientationPortraitUpsideDown UIInterfaceOrientationLandscapeLeft UIInterfaceOrientationLandscapeRight";
				INFOPLIST_KEY_UISupportedInterfaceOrientations_iPhone = "UIInterfaceOrientationPortrait UIInterfaceOrientationLandscapeLeft UIInterfaceOrientationLandscapeRight";
				LD_RUNPATH_SEARCH_PATHS = (
					"$(inherited)",
					"@executable_path/Frameworks",
				);
				MARKETING_VERSION = 1.0;
				PRODUCT_BUNDLE_IDENTIFIER = ADA.Mini3;
				PRODUCT_NAME = "$(TARGET_NAME)";
				SWIFT_EMIT_LOC_STRINGS = YES;
				SWIFT_VERSION = 5.0;
				TARGETED_DEVICE_FAMILY = "1,2";
			};
			name = Release;
		};
/* End XCBuildConfiguration section */

/* Begin XCConfigurationList section */
		8443A6E72AEF1EE200E5ECA5 /* Build configuration list for PBXProject "Mini3" */ = {
			isa = XCConfigurationList;
			buildConfigurations = (
				8443A6F82AEF1EE200E5ECA5 /* Debug */,
				8443A6F92AEF1EE200E5ECA5 /* Release */,
			);
			defaultConfigurationIsVisible = 0;
			defaultConfigurationName = Release;
		};
		8443A6FA2AEF1EE200E5ECA5 /* Build configuration list for PBXNativeTarget "Mini3" */ = {
			isa = XCConfigurationList;
			buildConfigurations = (
				8443A6FB2AEF1EE200E5ECA5 /* Debug */,
				8443A6FC2AEF1EE200E5ECA5 /* Release */,
			);
			defaultConfigurationIsVisible = 0;
			defaultConfigurationName = Release;
		};
/* End XCConfigurationList section */
	};
	rootObject = 8443A6E42AEF1EE200E5ECA5 /* Project object */;
}
